
Microsoft Visual Studio Solution File, Format Version 12.00
# Visual Studio 15
VisualStudioVersion = 15.0.27703.2018
MinimumVisualStudioVersion = 10.0.40219.1
Project("{FAE04EC0-301F-11D3-BF4B-00C04F79EFBC}") = "ConsoleApp1", "ConsoleApp1\ConsoleApp1.csproj", "{FB5D0EB0-B9F8-4489-BEF4-4936F31F044A}"
EndProject
Global
	GlobalSection(SolutionConfigurationPlatforms) = preSolution
		Debug|Any CPU = Debug|Any CPU
		Release|Any CPU = Release|Any CPU
	EndGlobalSection
	GlobalSection(ProjectConfigurationPlatforms) = postSolution
		{FB5D0EB0-B9F8-4489-BEF4-4936F31F044A}.Debug|Any CPU.ActiveCfg = Debug|Any CPU
		{FB5D0EB0-B9F8-4489-BEF4-4936F31F044A}.Debug|Any CPU.Build.0 = Debug|Any CPU
		{FB5D0EB0-B9F8-4489-BEF4-4936F31F044A}.Release|Any CPU.ActiveCfg = Release|Any CPU
		{FB5D0EB0-B9F8-4489-BEF4-4936F31F044A}.Release|Any CPU.Build.0 = Release|Any CPU
	EndGlobalSection
	GlobalSection(SolutionProperties) = preSolution
		HideSolutionNode = FALSE
	EndGlobalSection
	GlobalSection(ExtensibilityGlobals) = postSolution
		SolutionGuid = {F8FF94F3-1166-4006-BD25-10FD5D389A3F}
	EndGlobalSection
EndGlobal
